
Microsoft Visual Studio Solution File, Format Version 12.00
# Visual Studio 15
VisualStudioVersion = 15.0.27703.2042
MinimumVisualStudioVersion = 10.0.40219.1
Project("{FAE04EC0-301F-11D3-BF4B-00C04F79EFBC}") = "Level Editor", "Level Editor\Level Editor.csproj", "{7410D0EE-0AB5-4A14-9F58-AA4086486802}"
EndProject
Global
	GlobalSection(SolutionConfigurationPlatforms) = preSolution
		Debug|Any CPU = Debug|Any CPU
		Release|Any CPU = Release|Any CPU
	EndGlobalSection
	GlobalSection(ProjectConfigurationPlatforms) = postSolution
		{7410D0EE-0AB5-4A14-9F58-AA4086486802}.Debug|Any CPU.ActiveCfg = Debug|Any CPU
		{7410D0EE-0AB5-4A14-9F58-AA4086486802}.Debug|Any CPU.Build.0 = Debug|Any CPU
		{7410D0EE-0AB5-4A14-9F58-AA4086486802}.Release|Any CPU.ActiveCfg = Release|Any CPU
		{7410D0EE-0AB5-4A14-9F58-AA4086486802}.Release|Any CPU.Build.0 = Release|Any CPU
	EndGlobalSection
	GlobalSection(SolutionProperties) = preSolution
		HideSolutionNode = FALSE
	EndGlobalSection
	GlobalSection(ExtensibilityGlobals) = postSolution
		SolutionGuid = {81089537-3BC3-4A5E-8123-C93BBD46EE7C}
	EndGlobalSection
EndGlobal
