
Microsoft Visual Studio Solution File, Format Version 12.00
# Visual Studio 15
VisualStudioVersion = 15.0.28010.2016
MinimumVisualStudioVersion = 10.0.40219.1
Project("{FAE04EC0-301F-11D3-BF4B-00C04F79EFBC}") = "Grov", "Grov\Grov.csproj", "{B148C2E8-0F86-443E-8880-5FAF636D8DA5}"
EndProject
Global
	GlobalSection(SolutionConfigurationPlatforms) = preSolution
		Debug|x86 = Debug|x86
		Release|x86 = Release|x86
	EndGlobalSection
	GlobalSection(ProjectConfigurationPlatforms) = postSolution
		{B148C2E8-0F86-443E-8880-5FAF636D8DA5}.Debug|x86.ActiveCfg = Debug|x86
		{B148C2E8-0F86-443E-8880-5FAF636D8DA5}.Debug|x86.Build.0 = Debug|x86
		{B148C2E8-0F86-443E-8880-5FAF636D8DA5}.Release|x86.ActiveCfg = Release|x86
		{B148C2E8-0F86-443E-8880-5FAF636D8DA5}.Release|x86.Build.0 = Release|x86
	EndGlobalSection
	GlobalSection(SolutionProperties) = preSolution
		HideSolutionNode = FALSE
	EndGlobalSection
	GlobalSection(ExtensibilityGlobals) = postSolution
		SolutionGuid = {1B8C8C8F-EC36-4C1F-B1D4-8910027FA5B6}
	EndGlobalSection
EndGlobal
