
Microsoft Visual Studio Solution File, Format Version 12.00
# Visual Studio 15
VisualStudioVersion = 15.0.28307.168
MinimumVisualStudioVersion = 10.0.40219.1
Project("{FAE04EC0-301F-11D3-BF4B-00C04F79EFBC}") = "MergeTest", "MergeTest\MergeTest.csproj", "{D91B4F10-E0FA-420B-BEA4-7E2D0C5ADA42}"
EndProject
Global
	GlobalSection(SolutionConfigurationPlatforms) = preSolution
		Debug|x86 = Debug|x86
		Release|x86 = Release|x86
	EndGlobalSection
	GlobalSection(ProjectConfigurationPlatforms) = postSolution
		{D91B4F10-E0FA-420B-BEA4-7E2D0C5ADA42}.Debug|x86.ActiveCfg = Debug|x86
		{D91B4F10-E0FA-420B-BEA4-7E2D0C5ADA42}.Debug|x86.Build.0 = Debug|x86
		{D91B4F10-E0FA-420B-BEA4-7E2D0C5ADA42}.Release|x86.ActiveCfg = Release|x86
		{D91B4F10-E0FA-420B-BEA4-7E2D0C5ADA42}.Release|x86.Build.0 = Release|x86
	EndGlobalSection
	GlobalSection(SolutionProperties) = preSolution
		HideSolutionNode = FALSE
	EndGlobalSection
	GlobalSection(ExtensibilityGlobals) = postSolution
		SolutionGuid = {3C3A34AC-E66F-4483-B821-299491831FA3}
	EndGlobalSection
EndGlobal
